<Solution>
  <Folder Name="/BuildingBlocks/">
    <Project Path="src/BuildingBlocks/JobHub.Grpc.Contracts/JobHub.Grpc.Contracts.csproj" />
  </Folder>
  <Folder Name="/Gateways/">
    <Project Path="src/Gateways/Gateway/Gateway.csproj" Id="322af715-bbd3-4aad-a3ae-9dbe95645483" />
  </Folder>
  <Folder Name="/Services/">
    <Project Path="src/Services/ApplicationService/ApplicationService.csproj" />
    <Project Path="src/Services/Catalog/Catalog.csproj" />
    <Project Path="src/Services/Chat/Chat.API/Chat.API.csproj" />
    <Project Path="src/Services/IdentityService/Identity.API/Identity.API.csproj" />
    <Project Path="src/Services/ProfileService/Profile.API/Profile.API.csproj" />
    <Project Path="src/Services/RecruitmentService/Recruitment.API/Recruitment.API.csproj" />
  </Folder>
  <Folder Name="/Tests/">
    <Project Path="src/Services/ApplicationService/tests/ApplicationService.UnitTests/ApplicationService.UnitTests.csproj" />
    <Project Path="src/Services/Catalog.Tests/Catalog.Tests.csproj" />
    <Project Path="src/Services/Chat/Chat.UnitTests/Chat.UnitTests.csproj" />
    <Project Path="src/Services/IdentityService/Identity.API.Tests/Identity.API.Tests.csproj" />
    <Project Path="src/Services/ProfileService/Profile.UnitTests/Profile.UnitTests.csproj" />
    <Project Path="src/Services/RecruitmentService/Recruitment.UnitTests/Recruitment.UnitTests.csproj" />
  </Folder>
</Solution>
