
Microsoft Visual Studio Solution File, Format Version 12.00
# Visual Studio Version 17
VisualStudioVersion = 17.5.2.0
MinimumVisualStudioVersion = 10.0.40219.1
Project("{FAE04EC0-301F-11D3-BF4B-00C04F79EFBC}") = "Identity.API", "Identity.API.csproj", "{66A25C6A-A330-8759-8A70-DE9774C5FD85}"
EndProject
Project("{FAE04EC0-301F-11D3-BF4B-00C04F79EFBC}") = "Identity.API.Tests", "..\Identity.API.Tests\Identity.API.Tests.csproj", "{FFDEE234-6772-493F-8E7D-0F80C73CD63D}"
EndProject
Global
	GlobalSection(SolutionConfigurationPlatforms) = preSolution
		Debug|Any CPU = Debug|Any CPU
		Debug|x64 = Debug|x64
		Debug|x86 = Debug|x86
		Release|Any CPU = Release|Any CPU
		Release|x64 = Release|x64
		Release|x86 = Release|x86
	EndGlobalSection
	GlobalSection(ProjectConfigurationPlatforms) = postSolution
		{66A25C6A-A330-8759-8A70-DE9774C5FD85}.Debug|Any CPU.ActiveCfg = Debug|Any CPU
		{66A25C6A-A330-8759-8A70-DE9774C5FD85}.Debug|Any CPU.Build.0 = Debug|Any CPU
		{66A25C6A-A330-8759-8A70-DE9774C5FD85}.Debug|x64.ActiveCfg = Debug|Any CPU
		{66A25C6A-A330-8759-8A70-DE9774C5FD85}.Debug|x64.Build.0 = Debug|Any CPU
		{66A25C6A-A330-8759-8A70-DE9774C5FD85}.Debug|x86.ActiveCfg = Debug|Any CPU
		{66A25C6A-A330-8759-8A70-DE9774C5FD85}.Debug|x86.Build.0 = Debug|Any CPU
		{66A25C6A-A330-8759-8A70-DE9774C5FD85}.Release|Any CPU.ActiveCfg = Release|Any CPU
		{66A25C6A-A330-8759-8A70-DE9774C5FD85}.Release|Any CPU.Build.0 = Release|Any CPU
		{66A25C6A-A330-8759-8A70-DE9774C5FD85}.Release|x64.ActiveCfg = Release|Any CPU
		{66A25C6A-A330-8759-8A70-DE9774C5FD85}.Release|x64.Build.0 = Release|Any CPU
		{66A25C6A-A330-8759-8A70-DE9774C5FD85}.Release|x86.ActiveCfg = Release|Any CPU
		{66A25C6A-A330-8759-8A70-DE9774C5FD85}.Release|x86.Build.0 = Release|Any CPU
		{FFDEE234-6772-493F-8E7D-0F80C73CD63D}.Debug|Any CPU.ActiveCfg = Debug|Any CPU
		{FFDEE234-6772-493F-8E7D-0F80C73CD63D}.Debug|Any CPU.Build.0 = Debug|Any CPU
		{FFDEE234-6772-493F-8E7D-0F80C73CD63D}.Debug|x64.ActiveCfg = Debug|Any CPU
		{FFDEE234-6772-493F-8E7D-0F80C73CD63D}.Debug|x64.Build.0 = Debug|Any CPU
		{FFDEE234-6772-493F-8E7D-0F80C73CD63D}.Debug|x86.ActiveCfg = Debug|Any CPU
		{FFDEE234-6772-493F-8E7D-0F80C73CD63D}.Debug|x86.Build.0 = Debug|Any CPU
		{FFDEE234-6772-493F-8E7D-0F80C73CD63D}.Release|Any CPU.ActiveCfg = Release|Any CPU
		{FFDEE234-6772-493F-8E7D-0F80C73CD63D}.Release|Any CPU.Build.0 = Release|Any CPU
		{FFDEE234-6772-493F-8E7D-0F80C73CD63D}.Release|x64.ActiveCfg = Release|Any CPU
		{FFDEE234-6772-493F-8E7D-0F80C73CD63D}.Release|x64.Build.0 = Release|Any CPU
		{FFDEE234-6772-493F-8E7D-0F80C73CD63D}.Release|x86.ActiveCfg = Release|Any CPU
		{FFDEE234-6772-493F-8E7D-0F80C73CD63D}.Release|x86.Build.0 = Release|Any CPU
	EndGlobalSection
	GlobalSection(SolutionProperties) = preSolution
		HideSolutionNode = FALSE
	EndGlobalSection
	GlobalSection(ExtensibilityGlobals) = postSolution
		SolutionGuid = {7375EF7D-0C53-4F96-9DC5-6D9992518CB1}
	EndGlobalSection
EndGlobal
